// !$*UTF8*$!
{
	archiveVersion = 1;
	classes = {
	};
	objectVersion = 56;
	objects = {

/* Begin PBXBuildFile section */
		3425F7E02AD95E43002BF8CF /* Gen in Frameworks */ = {isa = PBXBuildFile; productRef = 3425F7DF2AD95E43002BF8CF /* Gen */; };
		343E2B342AA4D25C00F76D2C /* ShoppingListApp.swift in Sources */ = {isa = PBXBuildFile; fileRef = 343E2B332AA4D25C00F76D2C /* ShoppingListApp.swift */; };
		343E2B362AA4D25C00F76D2C /* ContentView.swift in Sources */ = {isa = PBXBuildFile; fileRef = 343E2B352AA4D25C00F76D2C /* ContentView.swift */; };
		343E2B382AA4D25E00F76D2C /* Assets.xcassets in Resources */ = {isa = PBXBuildFile; fileRef = 343E2B372AA4D25E00F76D2C /* Assets.xcassets */; };
		343E2B3B2AA4D25E00F76D2C /* Preview Assets.xcassets in Resources */ = {isa = PBXBuildFile; fileRef = 343E2B3A2AA4D25E00F76D2C /* Preview Assets.xcassets */; };
		343E2B452AA4D25E00F76D2C /* ShoppingListTests.swift in Sources */ = {isa = PBXBuildFile; fileRef = 343E2B442AA4D25E00F76D2C /* ShoppingListTests.swift */; };
		343E2B4F2AA4D25E00F76D2C /* ShoppingListUITests.swift in Sources */ = {isa = PBXBuildFile; fileRef = 343E2B4E2AA4D25E00F76D2C /* ShoppingListUITests.swift */; };
		343E2B512AA4D25E00F76D2C /* ShoppingListUITestsLaunchTests.swift in Sources */ = {isa = PBXBuildFile; fileRef = 343E2B502AA4D25E00F76D2C /* ShoppingListUITestsLaunchTests.swift */; };
		347F52922AD95229003C55A8 /* ComposableArchitecture in Frameworks */ = {isa = PBXBuildFile; productRef = 347F52912AD95229003C55A8 /* ComposableArchitecture */; };
		349C45DB2AD97DE6003228C5 /* ListManager in Frameworks */ = {isa = PBXBuildFile; productRef = 349C45DA2AD97DE6003228C5 /* ListManager */; };
		349C45DD2AD97DE6003228C5 /* Models in Frameworks */ = {isa = PBXBuildFile; productRef = 349C45DC2AD97DE6003228C5 /* Models */; };
		349C45DF2AD97DE6003228C5 /* Note in Frameworks */ = {isa = PBXBuildFile; productRef = 349C45DE2AD97DE6003228C5 /* Note */; };
		349C45E12AD97DE6003228C5 /* PurchaseList in Frameworks */ = {isa = PBXBuildFile; productRef = 349C45E02AD97DE6003228C5 /* PurchaseList */; };
		349D3D102AD95BD5001E1B0E /* Utils in Frameworks */ = {isa = PBXBuildFile; productRef = 349D3D0F2AD95BD5001E1B0E /* Utils */; };
		34A80DB42AE04A24006176F9 /* GoogleService-Info.plist in Resources */ = {isa = PBXBuildFile; fileRef = 34A80DB32AE04A24006176F9 /* GoogleService-Info.plist */; };
		34A80DB72AE04ED6006176F9 /* FirebaseAnalyticsSwift in Frameworks */ = {isa = PBXBuildFile; productRef = 34A80DB62AE04ED6006176F9 /* FirebaseAnalyticsSwift */; };
		34A80DB92AE04ED6006176F9 /* FirebaseAnalyticsWithoutAdIdSupport in Frameworks */ = {isa = PBXBuildFile; productRef = 34A80DB82AE04ED6006176F9 /* FirebaseAnalyticsWithoutAdIdSupport */; };
		34C54C9F2AF90F6400D6C839 /* Emojis in Resources */ = {isa = PBXBuildFile; fileRef = 34C54C9E2AF90F6400D6C839 /* Emojis */; };
/* End PBXBuildFile section */

/* Begin PBXContainerItemProxy section */
		343E2B412AA4D25E00F76D2C /* PBXContainerItemProxy */ = {
			isa = PBXContainerItemProxy;
			containerPortal = 343E2B282AA4D25B00F76D2C /* Project object */;
			proxyType = 1;
			remoteGlobalIDString = 343E2B2F2AA4D25C00F76D2C;
			remoteInfo = ShoppingList;
		};
		343E2B4B2AA4D25E00F76D2C /* PBXContainerItemProxy */ = {
			isa = PBXContainerItemProxy;
			containerPortal = 343E2B282AA4D25B00F76D2C /* Project object */;
			proxyType = 1;
			remoteGlobalIDString = 343E2B2F2AA4D25C00F76D2C;
			remoteInfo = ShoppingList;
		};
/* End PBXContainerItemProxy section */

/* Begin PBXFileReference section */
		343E2B302AA4D25C00F76D2C /* ShoppingList.app */ = {isa = PBXFileReference; explicitFileType = wrapper.application; includeInIndex = 0; path = ShoppingList.app; sourceTree = BUILT_PRODUCTS_DIR; };
		343E2B332AA4D25C00F76D2C /* ShoppingListApp.swift */ = {isa = PBXFileReference; lastKnownFileType = sourcecode.swift; path = ShoppingListApp.swift; sourceTree = "<group>"; };
		343E2B352AA4D25C00F76D2C /* ContentView.swift */ = {isa = PBXFileReference; lastKnownFileType = sourcecode.swift; path = ContentView.swift; sourceTree = "<group>"; };
		343E2B372AA4D25E00F76D2C /* Assets.xcassets */ = {isa = PBXFileReference; lastKnownFileType = folder.assetcatalog; path = Assets.xcassets; sourceTree = "<group>"; };
		343E2B3A2AA4D25E00F76D2C /* Preview Assets.xcassets */ = {isa = PBXFileReference; lastKnownFileType = folder.assetcatalog; path = "Preview Assets.xcassets"; sourceTree = "<group>"; };
		343E2B402AA4D25E00F76D2C /* ShoppingListTests.xctest */ = {isa = PBXFileReference; explicitFileType = wrapper.cfbundle; includeInIndex = 0; path = ShoppingListTests.xctest; sourceTree = BUILT_PRODUCTS_DIR; };
		343E2B442AA4D25E00F76D2C /* ShoppingListTests.swift */ = {isa = PBXFileReference; lastKnownFileType = sourcecode.swift; path = ShoppingListTests.swift; sourceTree = "<group>"; };
		343E2B4A2AA4D25E00F76D2C /* ShoppingListUITests.xctest */ = {isa = PBXFileReference; explicitFileType = wrapper.cfbundle; includeInIndex = 0; path = ShoppingListUITests.xctest; sourceTree = BUILT_PRODUCTS_DIR; };
		343E2B4E2AA4D25E00F76D2C /* ShoppingListUITests.swift */ = {isa = PBXFileReference; lastKnownFileType = sourcecode.swift; path = ShoppingListUITests.swift; sourceTree = "<group>"; };
		343E2B502AA4D25E00F76D2C /* ShoppingListUITestsLaunchTests.swift */ = {isa = PBXFileReference; lastKnownFileType = sourcecode.swift; path = ShoppingListUITestsLaunchTests.swift; sourceTree = "<group>"; };
		345A40782ADD78B800CF5B23 /* Scanner */ = {isa = PBXFileReference; lastKnownFileType = wrapper; path = Scanner; sourceTree = "<group>"; };
		349D3D112AD95C0E001E1B0E /* Note */ = {isa = PBXFileReference; lastKnownFileType = wrapper; path = Note; sourceTree = "<group>"; };
		349D3D122AD95C0E001E1B0E /* ListManager */ = {isa = PBXFileReference; lastKnownFileType = wrapper; path = ListManager; sourceTree = "<group>"; };
		349D3D132AD95C0E001E1B0E /* PurchaseList */ = {isa = PBXFileReference; lastKnownFileType = wrapper; path = PurchaseList; sourceTree = "<group>"; };
		349D3D142AD95C0E001E1B0E /* Utils */ = {isa = PBXFileReference; lastKnownFileType = wrapper; path = Utils; sourceTree = "<group>"; };
		349D3D152AD95C0E001E1B0E /* Models */ = {isa = PBXFileReference; lastKnownFileType = wrapper; path = Models; sourceTree = "<group>"; };
		34A80DB22AE03A36006176F9 /* Analytics */ = {isa = PBXFileReference; lastKnownFileType = wrapper; path = Analytics; sourceTree = "<group>"; };
		34A80DB32AE04A24006176F9 /* GoogleService-Info.plist */ = {isa = PBXFileReference; fileEncoding = 4; lastKnownFileType = text.plist.xml; path = "GoogleService-Info.plist"; sourceTree = "<group>"; };
		34C54C9E2AF90F6400D6C839 /* Emojis */ = {isa = PBXFileReference; lastKnownFileType = wrapper; path = Emojis; sourceTree = "<group>"; };
		34C54CA02AF911C500D6C839 /* Theme */ = {isa = PBXFileReference; lastKnownFileType = wrapper; path = Theme; sourceTree = "<group>"; };
/* End PBXFileReference section */

/* Begin PBXFrameworksBuildPhase section */
		343E2B2D2AA4D25C00F76D2C /* Frameworks */ = {
			isa = PBXFrameworksBuildPhase;
			buildActionMask = 2147483647;
			files = (
				349C45DF2AD97DE6003228C5 /* Note in Frameworks */,
				349C45E12AD97DE6003228C5 /* PurchaseList in Frameworks */,
				349C45DD2AD97DE6003228C5 /* Models in Frameworks */,
				3425F7E02AD95E43002BF8CF /* Gen in Frameworks */,
				34A80DB72AE04ED6006176F9 /* FirebaseAnalyticsSwift in Frameworks */,
				349D3D102AD95BD5001E1B0E /* Utils in Frameworks */,
				349C45DB2AD97DE6003228C5 /* ListManager in Frameworks */,
				34A80DB92AE04ED6006176F9 /* FirebaseAnalyticsWithoutAdIdSupport in Frameworks */,
				347F52922AD95229003C55A8 /* ComposableArchitecture in Frameworks */,
			);
			runOnlyForDeploymentPostprocessing = 0;
		};
		343E2B3D2AA4D25E00F76D2C /* Frameworks */ = {
			isa = PBXFrameworksBuildPhase;
			buildActionMask = 2147483647;
			files = (
			);
			runOnlyForDeploymentPostprocessing = 0;
		};
		343E2B472AA4D25E00F76D2C /* Frameworks */ = {
			isa = PBXFrameworksBuildPhase;
			buildActionMask = 2147483647;
			files = (
			);
			runOnlyForDeploymentPostprocessing = 0;
		};
/* End PBXFrameworksBuildPhase section */

/* Begin PBXGroup section */
		343E2B272AA4D25B00F76D2C = {
			isa = PBXGroup;
			children = (
				343E2B322AA4D25C00F76D2C /* ShoppingList */,
				343E2B432AA4D25E00F76D2C /* ShoppingListTests */,
				343E2B4D2AA4D25E00F76D2C /* ShoppingListUITests */,
				343E2B312AA4D25C00F76D2C /* Products */,
				34757C502AC86C96007CB629 /* Frameworks */,
			);
			sourceTree = "<group>";
		};
		343E2B312AA4D25C00F76D2C /* Products */ = {
			isa = PBXGroup;
			children = (
				343E2B302AA4D25C00F76D2C /* ShoppingList.app */,
				343E2B402AA4D25E00F76D2C /* ShoppingListTests.xctest */,
				343E2B4A2AA4D25E00F76D2C /* ShoppingListUITests.xctest */,
			);
			name = Products;
			sourceTree = "<group>";
		};
		343E2B322AA4D25C00F76D2C /* ShoppingList */ = {
			isa = PBXGroup;
			children = (
				34EE93BF2AD9548200CC07DD /* Modules */,
				343E2B5D2AA4D2B000F76D2C /* App */,
				343E2B332AA4D25C00F76D2C /* ShoppingListApp.swift */,
				343E2B352AA4D25C00F76D2C /* ContentView.swift */,
				34A80DB32AE04A24006176F9 /* GoogleService-Info.plist */,
				343E2B372AA4D25E00F76D2C /* Assets.xcassets */,
				343E2B392AA4D25E00F76D2C /* Preview Content */,
			);
			path = ShoppingList;
			sourceTree = "<group>";
		};
		343E2B392AA4D25E00F76D2C /* Preview Content */ = {
			isa = PBXGroup;
			children = (
				343E2B3A2AA4D25E00F76D2C /* Preview Assets.xcassets */,
			);
			path = "Preview Content";
			sourceTree = "<group>";
		};
		343E2B432AA4D25E00F76D2C /* ShoppingListTests */ = {
			isa = PBXGroup;
			children = (
				343E2B442AA4D25E00F76D2C /* ShoppingListTests.swift */,
			);
			path = ShoppingListTests;
			sourceTree = "<group>";
		};
		343E2B4D2AA4D25E00F76D2C /* ShoppingListUITests */ = {
			isa = PBXGroup;
			children = (
				343E2B4E2AA4D25E00F76D2C /* ShoppingListUITests.swift */,
				343E2B502AA4D25E00F76D2C /* ShoppingListUITestsLaunchTests.swift */,
			);
			path = ShoppingListUITests;
			sourceTree = "<group>";
		};
		343E2B5D2AA4D2B000F76D2C /* App */ = {
			isa = PBXGroup;
			children = (
			);
			path = App;
			sourceTree = "<group>";
		};
		34757C502AC86C96007CB629 /* Frameworks */ = {
			isa = PBXGroup;
			children = (
			);
			name = Frameworks;
			sourceTree = "<group>";
		};
		34EE93BF2AD9548200CC07DD /* Modules */ = {
			isa = PBXGroup;
			children = (
				34C54CA02AF911C500D6C839 /* Theme */,
				34C54C9E2AF90F6400D6C839 /* Emojis */,
				34A80DB22AE03A36006176F9 /* Analytics */,
				345A40782ADD78B800CF5B23 /* Scanner */,
				349D3D122AD95C0E001E1B0E /* ListManager */,
				349D3D152AD95C0E001E1B0E /* Models */,
				349D3D112AD95C0E001E1B0E /* Note */,
				349D3D132AD95C0E001E1B0E /* PurchaseList */,
				349D3D142AD95C0E001E1B0E /* Utils */,
			);
			path = Modules;
			sourceTree = SOURCE_ROOT;
		};
/* End PBXGroup section */

/* Begin PBXNativeTarget section */
		343E2B2F2AA4D25C00F76D2C /* ShoppingList */ = {
			isa = PBXNativeTarget;
			buildConfigurationList = 343E2B542AA4D25E00F76D2C /* Build configuration list for PBXNativeTarget "ShoppingList" */;
			buildPhases = (
				343E2B2C2AA4D25C00F76D2C /* Sources */,
				343E2B2D2AA4D25C00F76D2C /* Frameworks */,
				343E2B2E2AA4D25C00F76D2C /* Resources */,
				34832D022AD6E6F900BB8DCF /* ShellScript */,
			);
			buildRules = (
			);
			dependencies = (
			);
			name = ShoppingList;
			packageProductDependencies = (
				347F52912AD95229003C55A8 /* ComposableArchitecture */,
				349D3D0F2AD95BD5001E1B0E /* Utils */,
				3425F7DF2AD95E43002BF8CF /* Gen */,
				349C45DA2AD97DE6003228C5 /* ListManager */,
				349C45DC2AD97DE6003228C5 /* Models */,
				349C45DE2AD97DE6003228C5 /* Note */,
				349C45E02AD97DE6003228C5 /* PurchaseList */,
				34A80DB62AE04ED6006176F9 /* FirebaseAnalyticsSwift */,
				34A80DB82AE04ED6006176F9 /* FirebaseAnalyticsWithoutAdIdSupport */,
			);
			productName = ShoppingList;
			productReference = 343E2B302AA4D25C00F76D2C /* ShoppingList.app */;
			productType = "com.apple.product-type.application";
		};
		343E2B3F2AA4D25E00F76D2C /* ShoppingListTests */ = {
			isa = PBXNativeTarget;
			buildConfigurationList = 343E2B572AA4D25E00F76D2C /* Build configuration list for PBXNativeTarget "ShoppingListTests" */;
			buildPhases = (
				343E2B3C2AA4D25E00F76D2C /* Sources */,
				343E2B3D2AA4D25E00F76D2C /* Frameworks */,
				343E2B3E2AA4D25E00F76D2C /* Resources */,
			);
			buildRules = (
			);
			dependencies = (
				343E2B422AA4D25E00F76D2C /* PBXTargetDependency */,
			);
			name = ShoppingListTests;
			productName = ShoppingListTests;
			productReference = 343E2B402AA4D25E00F76D2C /* ShoppingListTests.xctest */;
			productType = "com.apple.product-type.bundle.unit-test";
		};
		343E2B492AA4D25E00F76D2C /* ShoppingListUITests */ = {
			isa = PBXNativeTarget;
			buildConfigurationList = 343E2B5A2AA4D25E00F76D2C /* Build configuration list for PBXNativeTarget "ShoppingListUITests" */;
			buildPhases = (
				343E2B462AA4D25E00F76D2C /* Sources */,
				343E2B472AA4D25E00F76D2C /* Frameworks */,
				343E2B482AA4D25E00F76D2C /* Resources */,
			);
			buildRules = (
			);
			dependencies = (
				343E2B4C2AA4D25E00F76D2C /* PBXTargetDependency */,
			);
			name = ShoppingListUITests;
			productName = ShoppingListUITests;
			productReference = 343E2B4A2AA4D25E00F76D2C /* ShoppingListUITests.xctest */;
			productType = "com.apple.product-type.bundle.ui-testing";
		};
/* End PBXNativeTarget section */

/* Begin PBXProject section */
		343E2B282AA4D25B00F76D2C /* Project object */ = {
			isa = PBXProject;
			attributes = {
				BuildIndependentTargetsInParallel = 1;
				LastSwiftUpdateCheck = 1430;
				LastUpgradeCheck = 1500;
				TargetAttributes = {
					343E2B2F2AA4D25C00F76D2C = {
						CreatedOnToolsVersion = 14.3.1;
					};
					343E2B3F2AA4D25E00F76D2C = {
						CreatedOnToolsVersion = 14.3.1;
						TestTargetID = 343E2B2F2AA4D25C00F76D2C;
					};
					343E2B492AA4D25E00F76D2C = {
						CreatedOnToolsVersion = 14.3.1;
						TestTargetID = 343E2B2F2AA4D25C00F76D2C;
					};
				};
			};
			buildConfigurationList = 343E2B2B2AA4D25B00F76D2C /* Build configuration list for PBXProject "ShoppingList" */;
			compatibilityVersion = "Xcode 14.0";
			developmentRegion = en;
			hasScannedForEncodings = 0;
			knownRegions = (
				en,
				Base,
			);
			mainGroup = 343E2B272AA4D25B00F76D2C;
			packageReferences = (
				347F52902AD95229003C55A8 /* XCRemoteSwiftPackageReference "swift-composable-architecture" */,
				3425F7DE2AD95E43002BF8CF /* XCRemoteSwiftPackageReference "swift-gen" */,
				34A80DB52AE04ED5006176F9 /* XCRemoteSwiftPackageReference "firebase-ios-sdk" */,
			);
			productRefGroup = 343E2B312AA4D25C00F76D2C /* Products */;
			projectDirPath = "";
			projectRoot = "";
			targets = (
				343E2B2F2AA4D25C00F76D2C /* ShoppingList */,
				343E2B3F2AA4D25E00F76D2C /* ShoppingListTests */,
				343E2B492AA4D25E00F76D2C /* ShoppingListUITests */,
			);
		};
/* End PBXProject section */

/* Begin PBXResourcesBuildPhase section */
		343E2B2E2AA4D25C00F76D2C /* Resources */ = {
			isa = PBXResourcesBuildPhase;
			buildActionMask = 2147483647;
			files = (
				343E2B3B2AA4D25E00F76D2C /* Preview Assets.xcassets in Resources */,
				34C54C9F2AF90F6400D6C839 /* Emojis in Resources */,
				343E2B382AA4D25E00F76D2C /* Assets.xcassets in Resources */,
				34A80DB42AE04A24006176F9 /* GoogleService-Info.plist in Resources */,
			);
			runOnlyForDeploymentPostprocessing = 0;
		};
		343E2B3E2AA4D25E00F76D2C /* Resources */ = {
			isa = PBXResourcesBuildPhase;
			buildActionMask = 2147483647;
			files = (
			);
			runOnlyForDeploymentPostprocessing = 0;
		};
		343E2B482AA4D25E00F76D2C /* Resources */ = {
			isa = PBXResourcesBuildPhase;
			buildActionMask = 2147483647;
			files = (
			);
			runOnlyForDeploymentPostprocessing = 0;
		};
/* End PBXResourcesBuildPhase section */

/* Begin PBXShellScriptBuildPhase section */
		34832D022AD6E6F900BB8DCF /* ShellScript */ = {
			isa = PBXShellScriptBuildPhase;
			buildActionMask = 2147483647;
			files = (
			);
			inputFileListPaths = (
			);
			inputPaths = (
			);
			outputFileListPaths = (
			);
			outputPaths = (
			);
			runOnlyForDeploymentPostprocessing = 0;
			shellPath = /bin/sh;
			shellScript = "if [[ \"$(uname -m)\" == arm64 ]]; then\n    export PATH=\"/opt/homebrew/bin:$PATH\"\nfi\n\nif which swiftlint > /dev/null; then\n  swiftlint  --fix \n  #--fix \n  #autocorrect \n  #\n  echo \"Linting ...\"\nelse\n  echo \"warning: SwiftLint not installed, download from https://github.com/realm/SwiftLint\"\nfi\n";
		};
/* End PBXShellScriptBuildPhase section */

/* Begin PBXSourcesBuildPhase section */
		343E2B2C2AA4D25C00F76D2C /* Sources */ = {
			isa = PBXSourcesBuildPhase;
			buildActionMask = 2147483647;
			files = (
				343E2B362AA4D25C00F76D2C /* ContentView.swift in Sources */,
				343E2B342AA4D25C00F76D2C /* ShoppingListApp.swift in Sources */,
			);
			runOnlyForDeploymentPostprocessing = 0;
		};
		343E2B3C2AA4D25E00F76D2C /* Sources */ = {
			isa = PBXSourcesBuildPhase;
			buildActionMask = 2147483647;
			files = (
				343E2B452AA4D25E00F76D2C /* ShoppingListTests.swift in Sources */,
			);
			runOnlyForDeploymentPostprocessing = 0;
		};
		343E2B462AA4D25E00F76D2C /* Sources */ = {
			isa = PBXSourcesBuildPhase;
			buildActionMask = 2147483647;
			files = (
				343E2B512AA4D25E00F76D2C /* ShoppingListUITestsLaunchTests.swift in Sources */,
				343E2B4F2AA4D25E00F76D2C /* ShoppingListUITests.swift in Sources */,
			);
			runOnlyForDeploymentPostprocessing = 0;
		};
/* End PBXSourcesBuildPhase section */

/* Begin PBXTargetDependency section */
		343E2B422AA4D25E00F76D2C /* PBXTargetDependency */ = {
			isa = PBXTargetDependency;
			target = 343E2B2F2AA4D25C00F76D2C /* ShoppingList */;
			targetProxy = 343E2B412AA4D25E00F76D2C /* PBXContainerItemProxy */;
		};
		343E2B4C2AA4D25E00F76D2C /* PBXTargetDependency */ = {
			isa = PBXTargetDependency;
			target = 343E2B2F2AA4D25C00F76D2C /* ShoppingList */;
			targetProxy = 343E2B4B2AA4D25E00F76D2C /* PBXContainerItemProxy */;
		};
/* End PBXTargetDependency section */

/* Begin XCBuildConfiguration section */
		343E2B522AA4D25E00F76D2C /* Debug */ = {
			isa = XCBuildConfiguration;
			buildSettings = {
				ALWAYS_SEARCH_USER_PATHS = NO;
				CLANG_ANALYZER_NONNULL = YES;
				CLANG_ANALYZER_NUMBER_OBJECT_CONVERSION = YES_AGGRESSIVE;
				CLANG_CXX_LANGUAGE_STANDARD = "gnu++20";
				CLANG_ENABLE_MODULES = YES;
				CLANG_ENABLE_OBJC_ARC = YES;
				CLANG_ENABLE_OBJC_WEAK = YES;
				CLANG_WARN_BLOCK_CAPTURE_AUTORELEASING = YES;
				CLANG_WARN_BOOL_CONVERSION = YES;
				CLANG_WARN_COMMA = YES;
				CLANG_WARN_CONSTANT_CONVERSION = YES;
				CLANG_WARN_DEPRECATED_OBJC_IMPLEMENTATIONS = YES;
				CLANG_WARN_DIRECT_OBJC_ISA_USAGE = YES_ERROR;
				CLANG_WARN_DOCUMENTATION_COMMENTS = YES;
				CLANG_WARN_EMPTY_BODY = YES;
				CLANG_WARN_ENUM_CONVERSION = YES;
				CLANG_WARN_INFINITE_RECURSION = YES;
				CLANG_WARN_INT_CONVERSION = YES;
				CLANG_WARN_NON_LITERAL_NULL_CONVERSION = YES;
				CLANG_WARN_OBJC_IMPLICIT_RETAIN_SELF = YES;
				CLANG_WARN_OBJC_LITERAL_CONVERSION = YES;
				CLANG_WARN_OBJC_ROOT_CLASS = YES_ERROR;
				CLANG_WARN_QUOTED_INCLUDE_IN_FRAMEWORK_HEADER = YES;
				CLANG_WARN_RANGE_LOOP_ANALYSIS = YES;
				CLANG_WARN_STRICT_PROTOTYPES = YES;
				CLANG_WARN_SUSPICIOUS_MOVE = YES;
				CLANG_WARN_UNGUARDED_AVAILABILITY = YES_AGGRESSIVE;
				CLANG_WARN_UNREACHABLE_CODE = YES;
				CLANG_WARN__DUPLICATE_METHOD_MATCH = YES;
				COPY_PHASE_STRIP = NO;
				DEBUG_INFORMATION_FORMAT = dwarf;
				ENABLE_STRICT_OBJC_MSGSEND = YES;
				ENABLE_TESTABILITY = YES;
				ENABLE_USER_SCRIPT_SANDBOXING = YES;
				GCC_C_LANGUAGE_STANDARD = gnu11;
				GCC_DYNAMIC_NO_PIC = NO;
				GCC_NO_COMMON_BLOCKS = YES;
				GCC_OPTIMIZATION_LEVEL = 0;
				GCC_PREPROCESSOR_DEFINITIONS = (
					"DEBUG=1",
					"$(inherited)",
				);
				GCC_WARN_64_TO_32_BIT_CONVERSION = YES;
				GCC_WARN_ABOUT_RETURN_TYPE = YES_ERROR;
				GCC_WARN_UNDECLARED_SELECTOR = YES;
				GCC_WARN_UNINITIALIZED_AUTOS = YES_AGGRESSIVE;
				GCC_WARN_UNUSED_FUNCTION = YES;
				GCC_WARN_UNUSED_VARIABLE = YES;
				IPHONEOS_DEPLOYMENT_TARGET = 16.0;
				MTL_ENABLE_DEBUG_INFO = INCLUDE_SOURCE;
				MTL_FAST_MATH = YES;
				ONLY_ACTIVE_ARCH = YES;
				SDKROOT = iphoneos;
				SWIFT_ACTIVE_COMPILATION_CONDITIONS = DEBUG;
				SWIFT_OPTIMIZATION_LEVEL = "-Onone";
			};
			name = Debug;
		};
		343E2B532AA4D25E00F76D2C /* Release */ = {
			isa = XCBuildConfiguration;
			buildSettings = {
				ALWAYS_SEARCH_USER_PATHS = NO;
				CLANG_ANALYZER_NONNULL = YES;
				CLANG_ANALYZER_NUMBER_OBJECT_CONVERSION = YES_AGGRESSIVE;
				CLANG_CXX_LANGUAGE_STANDARD = "gnu++20";
				CLANG_ENABLE_MODULES = YES;
				CLANG_ENABLE_OBJC_ARC = YES;
				CLANG_ENABLE_OBJC_WEAK = YES;
				CLANG_WARN_BLOCK_CAPTURE_AUTORELEASING = YES;
				CLANG_WARN_BOOL_CONVERSION = YES;
				CLANG_WARN_COMMA = YES;
				CLANG_WARN_CONSTANT_CONVERSION = YES;
				CLANG_WARN_DEPRECATED_OBJC_IMPLEMENTATIONS = YES;
				CLANG_WARN_DIRECT_OBJC_ISA_USAGE = YES_ERROR;
				CLANG_WARN_DOCUMENTATION_COMMENTS = YES;
				CLANG_WARN_EMPTY_BODY = YES;
				CLANG_WARN_ENUM_CONVERSION = YES;
				CLANG_WARN_INFINITE_RECURSION = YES;
				CLANG_WARN_INT_CONVERSION = YES;
				CLANG_WARN_NON_LITERAL_NULL_CONVERSION = YES;
				CLANG_WARN_OBJC_IMPLICIT_RETAIN_SELF = YES;
				CLANG_WARN_OBJC_LITERAL_CONVERSION = YES;
				CLANG_WARN_OBJC_ROOT_CLASS = YES_ERROR;
				CLANG_WARN_QUOTED_INCLUDE_IN_FRAMEWORK_HEADER = YES;
				CLANG_WARN_RANGE_LOOP_ANALYSIS = YES;
				CLANG_WARN_STRICT_PROTOTYPES = YES;
				CLANG_WARN_SUSPICIOUS_MOVE = YES;
				CLANG_WARN_UNGUARDED_AVAILABILITY = YES_AGGRESSIVE;
				CLANG_WARN_UNREACHABLE_CODE = YES;
				CLANG_WARN__DUPLICATE_METHOD_MATCH = YES;
				COPY_PHASE_STRIP = NO;
				DEBUG_INFORMATION_FORMAT = "dwarf-with-dsym";
				ENABLE_NS_ASSERTIONS = NO;
				ENABLE_STRICT_OBJC_MSGSEND = YES;
				ENABLE_USER_SCRIPT_SANDBOXING = YES;
				GCC_C_LANGUAGE_STANDARD = gnu11;
				GCC_NO_COMMON_BLOCKS = YES;
				GCC_WARN_64_TO_32_BIT_CONVERSION = YES;
				GCC_WARN_ABOUT_RETURN_TYPE = YES_ERROR;
				GCC_WARN_UNDECLARED_SELECTOR = YES;
				GCC_WARN_UNINITIALIZED_AUTOS = YES_AGGRESSIVE;
				GCC_WARN_UNUSED_FUNCTION = YES;
				GCC_WARN_UNUSED_VARIABLE = YES;
				IPHONEOS_DEPLOYMENT_TARGET = 16.0;
				MTL_ENABLE_DEBUG_INFO = NO;
				MTL_FAST_MATH = YES;
				SDKROOT = iphoneos;
				SWIFT_COMPILATION_MODE = wholemodule;
				SWIFT_OPTIMIZATION_LEVEL = "-O";
				VALIDATE_PRODUCT = YES;
			};
			name = Release;
		};
		343E2B552AA4D25E00F76D2C /* Debug */ = {
			isa = XCBuildConfiguration;
			buildSettings = {
				ASSETCATALOG_COMPILER_APPICON_NAME = AppIcon;
				ASSETCATALOG_COMPILER_GLOBAL_ACCENT_COLOR_NAME = AccentColor;
				CODE_SIGN_IDENTITY = "Apple Development";
				CODE_SIGN_STYLE = Automatic;
				CURRENT_PROJECT_VERSION = 2;
				DEVELOPMENT_ASSET_PATHS = "\"ShoppingList/Preview Content\"";
				DEVELOPMENT_TEAM = 2AUX883V6A;
				ENABLE_PREVIEWS = YES;
				ENABLE_USER_SCRIPT_SANDBOXING = NO;
				GENERATE_INFOPLIST_FILE = YES;
				INFOPLIST_KEY_CFBundleDisplayName = Pero;
				INFOPLIST_KEY_NSCameraUsageDescription = "Granting permission for camera access allows you to scan text from a document or any other source and add it to your shopping list.";
				INFOPLIST_KEY_UIApplicationSceneManifest_Generation = YES;
				INFOPLIST_KEY_UIApplicationSupportsIndirectInputEvents = YES;
				INFOPLIST_KEY_UILaunchScreen_Generation = YES;
				INFOPLIST_KEY_UISupportedInterfaceOrientations = UIInterfaceOrientationPortrait;
				INFOPLIST_KEY_UIUserInterfaceStyle = Light;
				IPHONEOS_DEPLOYMENT_TARGET = 17.0;
				LD_RUNPATH_SEARCH_PATHS = (
					"$(inherited)",
					"@executable_path/Frameworks",
				);
				MARKETING_VERSION = 1.0;
				OTHER_LDFLAGS = "-fprofile-instr-generate";
				PRODUCT_BUNDLE_IDENTIFIER = com.sebek.ShoppingNotes;
				PRODUCT_NAME = "$(TARGET_NAME)";
				PROVISIONING_PROFILE_SPECIFIER = "";
				SWIFT_EMIT_LOC_STRINGS = YES;
				SWIFT_VERSION = 5.0;
				TARGETED_DEVICE_FAMILY = "1,2";
			};
			name = Debug;
		};
		343E2B562AA4D25E00F76D2C /* Release */ = {
			isa = XCBuildConfiguration;
			buildSettings = {
				ASSETCATALOG_COMPILER_APPICON_NAME = AppIcon;
				ASSETCATALOG_COMPILER_GLOBAL_ACCENT_COLOR_NAME = AccentColor;
				CODE_SIGN_IDENTITY = "Apple Development";
				CODE_SIGN_STYLE = Automatic;
				CURRENT_PROJECT_VERSION = 2;
				DEVELOPMENT_ASSET_PATHS = "\"ShoppingList/Preview Content\"";
				DEVELOPMENT_TEAM = 2AUX883V6A;
				ENABLE_PREVIEWS = YES;
				ENABLE_USER_SCRIPT_SANDBOXING = NO;
				GENERATE_INFOPLIST_FILE = YES;
				INFOPLIST_KEY_CFBundleDisplayName = Pero;
				INFOPLIST_KEY_NSCameraUsageDescription = "Granting permission for camera access allows you to scan text from a document or any other source and add it to your shopping list.";
				INFOPLIST_KEY_UIApplicationSceneManifest_Generation = YES;
				INFOPLIST_KEY_UIApplicationSupportsIndirectInputEvents = YES;
				INFOPLIST_KEY_UILaunchScreen_Generation = YES;
				INFOPLIST_KEY_UISupportedInterfaceOrientations = UIInterfaceOrientationPortrait;
				INFOPLIST_KEY_UIUserInterfaceStyle = Light;
				IPHONEOS_DEPLOYMENT_TARGET = 17.0;
				LD_RUNPATH_SEARCH_PATHS = (
					"$(inherited)",
					"@executable_path/Frameworks",
				);
				MARKETING_VERSION = 1.0;
				OTHER_LDFLAGS = "-fprofile-instr-generate";
				PRODUCT_BUNDLE_IDENTIFIER = com.sebek.ShoppingNotes;
				PRODUCT_NAME = "$(TARGET_NAME)";
				PROVISIONING_PROFILE_SPECIFIER = "";
				SWIFT_EMIT_LOC_STRINGS = YES;
				SWIFT_VERSION = 5.0;
				TARGETED_DEVICE_FAMILY = "1,2";
			};
			name = Release;
		};
		343E2B582AA4D25E00F76D2C /* Debug */ = {
			isa = XCBuildConfiguration;
			buildSettings = {
				ALWAYS_EMBED_SWIFT_STANDARD_LIBRARIES = YES;
				BUNDLE_LOADER = "$(TEST_HOST)";
				CODE_SIGN_STYLE = Automatic;
				CURRENT_PROJECT_VERSION = 2;
				DEVELOPMENT_TEAM = 2AUX883V6A;
				GENERATE_INFOPLIST_FILE = YES;
				IPHONEOS_DEPLOYMENT_TARGET = 16.4;
				MARKETING_VERSION = 1.0;
				PRODUCT_BUNDLE_IDENTIFIER = com.sebek.ShoppingListTests;
				PRODUCT_NAME = "$(TARGET_NAME)";
				SWIFT_EMIT_LOC_STRINGS = NO;
				SWIFT_VERSION = 5.0;
				TARGETED_DEVICE_FAMILY = "1,2";
				TEST_HOST = "$(BUILT_PRODUCTS_DIR)/ShoppingList.app/$(BUNDLE_EXECUTABLE_FOLDER_PATH)/ShoppingList";
			};
			name = Debug;
		};
		343E2B592AA4D25E00F76D2C /* Release */ = {
			isa = XCBuildConfiguration;
			buildSettings = {
				ALWAYS_EMBED_SWIFT_STANDARD_LIBRARIES = YES;
				BUNDLE_LOADER = "$(TEST_HOST)";
				CODE_SIGN_STYLE = Automatic;
				CURRENT_PROJECT_VERSION = 2;
				DEVELOPMENT_TEAM = 2AUX883V6A;
				GENERATE_INFOPLIST_FILE = YES;
				IPHONEOS_DEPLOYMENT_TARGET = 16.4;
				MARKETING_VERSION = 1.0;
				PRODUCT_BUNDLE_IDENTIFIER = com.sebek.ShoppingListTests;
				PRODUCT_NAME = "$(TARGET_NAME)";
				SWIFT_EMIT_LOC_STRINGS = NO;
				SWIFT_VERSION = 5.0;
				TARGETED_DEVICE_FAMILY = "1,2";
				TEST_HOST = "$(BUILT_PRODUCTS_DIR)/ShoppingList.app/$(BUNDLE_EXECUTABLE_FOLDER_PATH)/ShoppingList";
			};
			name = Release;
		};
		343E2B5B2AA4D25E00F76D2C /* Debug */ = {
			isa = XCBuildConfiguration;
			buildSettings = {
				ALWAYS_EMBED_SWIFT_STANDARD_LIBRARIES = YES;
				CODE_SIGN_STYLE = Automatic;
				CURRENT_PROJECT_VERSION = 2;
				DEVELOPMENT_TEAM = 2AUX883V6A;
				GENERATE_INFOPLIST_FILE = YES;
				MARKETING_VERSION = 1.0;
				PRODUCT_BUNDLE_IDENTIFIER = com.sebek.ShoppingListUITests;
				PRODUCT_NAME = "$(TARGET_NAME)";
				SWIFT_EMIT_LOC_STRINGS = NO;
				SWIFT_VERSION = 5.0;
				TARGETED_DEVICE_FAMILY = "1,2";
				TEST_TARGET_NAME = ShoppingList;
			};
			name = Debug;
		};
		343E2B5C2AA4D25E00F76D2C /* Release */ = {
			isa = XCBuildConfiguration;
			buildSettings = {
				ALWAYS_EMBED_SWIFT_STANDARD_LIBRARIES = YES;
				CODE_SIGN_STYLE = Automatic;
				CURRENT_PROJECT_VERSION = 2;
				DEVELOPMENT_TEAM = 2AUX883V6A;
				GENERATE_INFOPLIST_FILE = YES;
				MARKETING_VERSION = 1.0;
				PRODUCT_BUNDLE_IDENTIFIER = com.sebek.ShoppingListUITests;
				PRODUCT_NAME = "$(TARGET_NAME)";
				SWIFT_EMIT_LOC_STRINGS = NO;
				SWIFT_VERSION = 5.0;
				TARGETED_DEVICE_FAMILY = "1,2";
				TEST_TARGET_NAME = ShoppingList;
			};
			name = Release;
		};
/* End XCBuildConfiguration section */

/* Begin XCConfigurationList section */
		343E2B2B2AA4D25B00F76D2C /* Build configuration list for PBXProject "ShoppingList" */ = {
			isa = XCConfigurationList;
			buildConfigurations = (
				343E2B522AA4D25E00F76D2C /* Debug */,
				343E2B532AA4D25E00F76D2C /* Release */,
			);
			defaultConfigurationIsVisible = 0;
			defaultConfigurationName = Release;
		};
		343E2B542AA4D25E00F76D2C /* Build configuration list for PBXNativeTarget "ShoppingList" */ = {
			isa = XCConfigurationList;
			buildConfigurations = (
				343E2B552AA4D25E00F76D2C /* Debug */,
				343E2B562AA4D25E00F76D2C /* Release */,
			);
			defaultConfigurationIsVisible = 0;
			defaultConfigurationName = Release;
		};
		343E2B572AA4D25E00F76D2C /* Build configuration list for PBXNativeTarget "ShoppingListTests" */ = {
			isa = XCConfigurationList;
			buildConfigurations = (
				343E2B582AA4D25E00F76D2C /* Debug */,
				343E2B592AA4D25E00F76D2C /* Release */,
			);
			defaultConfigurationIsVisible = 0;
			defaultConfigurationName = Release;
		};
		343E2B5A2AA4D25E00F76D2C /* Build configuration list for PBXNativeTarget "ShoppingListUITests" */ = {
			isa = XCConfigurationList;
			buildConfigurations = (
				343E2B5B2AA4D25E00F76D2C /* Debug */,
				343E2B5C2AA4D25E00F76D2C /* Release */,
			);
			defaultConfigurationIsVisible = 0;
			defaultConfigurationName = Release;
		};
/* End XCConfigurationList section */

/* Begin XCRemoteSwiftPackageReference section */
		3425F7DE2AD95E43002BF8CF /* XCRemoteSwiftPackageReference "swift-gen" */ = {
			isa = XCRemoteSwiftPackageReference;
			repositoryURL = "https://github.com/pointfreeco/swift-gen.git";
			requirement = {
				kind = upToNextMajorVersion;
				minimumVersion = 0.4.0;
			};
		};
		347F52902AD95229003C55A8 /* XCRemoteSwiftPackageReference "swift-composable-architecture" */ = {
			isa = XCRemoteSwiftPackageReference;
			repositoryURL = "https://github.com/pointfreeco/swift-composable-architecture.git";
			requirement = {
				kind = upToNextMajorVersion;
				minimumVersion = 1.2.0;
			};
		};
		34A80DB52AE04ED5006176F9 /* XCRemoteSwiftPackageReference "firebase-ios-sdk" */ = {
			isa = XCRemoteSwiftPackageReference;
			repositoryURL = "https://github.com/firebase/firebase-ios-sdk";
			requirement = {
				kind = upToNextMinorVersion;
				minimumVersion = 10.16.0;
			};
		};
/* End XCRemoteSwiftPackageReference section */

/* Begin XCSwiftPackageProductDependency section */
		3425F7DF2AD95E43002BF8CF /* Gen */ = {
			isa = XCSwiftPackageProductDependency;
			package = 3425F7DE2AD95E43002BF8CF /* XCRemoteSwiftPackageReference "swift-gen" */;
			productName = Gen;
		};
		347F52912AD95229003C55A8 /* ComposableArchitecture */ = {
			isa = XCSwiftPackageProductDependency;
			package = 347F52902AD95229003C55A8 /* XCRemoteSwiftPackageReference "swift-composable-architecture" */;
			productName = ComposableArchitecture;
		};
		349C45DA2AD97DE6003228C5 /* ListManager */ = {
			isa = XCSwiftPackageProductDependency;
			productName = ListManager;
		};
		349C45DC2AD97DE6003228C5 /* Models */ = {
			isa = XCSwiftPackageProductDependency;
			productName = Models;
		};
		349C45DE2AD97DE6003228C5 /* Note */ = {
			isa = XCSwiftPackageProductDependency;
			productName = Note;
		};
		349C45E02AD97DE6003228C5 /* PurchaseList */ = {
			isa = XCSwiftPackageProductDependency;
			productName = PurchaseList;
		};
		349D3D0F2AD95BD5001E1B0E /* Utils */ = {
			isa = XCSwiftPackageProductDependency;
			productName = Utils;
		};
		34A80DB62AE04ED6006176F9 /* FirebaseAnalyticsSwift */ = {
			isa = XCSwiftPackageProductDependency;
			package = 34A80DB52AE04ED5006176F9 /* XCRemoteSwiftPackageReference "firebase-ios-sdk" */;
			productName = FirebaseAnalyticsSwift;
		};
		34A80DB82AE04ED6006176F9 /* FirebaseAnalyticsWithoutAdIdSupport */ = {
			isa = XCSwiftPackageProductDependency;
			package = 34A80DB52AE04ED5006176F9 /* XCRemoteSwiftPackageReference "firebase-ios-sdk" */;
			productName = FirebaseAnalyticsWithoutAdIdSupport;
		};
/* End XCSwiftPackageProductDependency section */
	};
	rootObject = 343E2B282AA4D25B00F76D2C /* Project object */;
}
